
Microsoft Visual Studio Solution File, Format Version 12.00
# Visual Studio Version 17
VisualStudioVersion = 17.9.34728.123
MinimumVisualStudioVersion = 10.0.40219.1
Project("{FAE04EC0-301F-11D3-BF4B-00C04F79EFBC}") = "GuessTheArtistApi", "GuessTheArtistApi.csproj", "{D1B602C2-B53A-4600-B171-0FF9B2D4864F}"
EndProject
Global
	GlobalSection(SolutionConfigurationPlatforms) = preSolution
		Debug|Any CPU = Debug|Any CPU
		Release|Any CPU = Release|Any CPU
	EndGlobalSection
	GlobalSection(ProjectConfigurationPlatforms) = postSolution
		{D1B602C2-B53A-4600-B171-0FF9B2D4864F}.Debug|Any CPU.ActiveCfg = Debug|Any CPU
		{D1B602C2-B53A-4600-B171-0FF9B2D4864F}.Debug|Any CPU.Build.0 = Debug|Any CPU
		{D1B602C2-B53A-4600-B171-0FF9B2D4864F}.Release|Any CPU.ActiveCfg = Release|Any CPU
		{D1B602C2-B53A-4600-B171-0FF9B2D4864F}.Release|Any CPU.Build.0 = Release|Any CPU
	EndGlobalSection
	GlobalSection(SolutionProperties) = preSolution
		HideSolutionNode = FALSE
	EndGlobalSection
	GlobalSection(ExtensibilityGlobals) = postSolution
		SolutionGuid = {3289A989-5EBA-40B0-BBAE-D159430D1306}
	EndGlobalSection
EndGlobal
